{
  "name": "instant-paste-packaging",
  "version": "1.0.0",
  "lockfileVersion": 3,
  "requires": true,
  "packages": {
    "": {
      "name": "instant-paste-packaging",
      "version": "1.0.0",
      "devDependencies": {
        "zxp-sign-cmd": "^2.0.0"
      }
    },
    "node_modules/zxp-provider": {
      "version": "2.0.0",
      "resolved": "https://registry.npmjs.org/zxp-provider/-/zxp-provider-2.0.0.tgz",
      "integrity": "sha512-ja2YZwDnDrTdq5Q0EebOaHQK5f4tOf5488mKV4sVC/mKyNiXHyJlyKwLWB4SGIrvqqWWkDk/QCfsWms2jTQ/Tw==",
      "dev": true,
      "hasInstallScript": true,
      "license": "MIT",
      "engines": {
        "node": ">=12.0.0"
      }
    },
    "node_modules/zxp-sign-cmd": {
      "version": "2.0.0",
      "resolved": "https://registry.npmjs.org/zxp-sign-cmd/-/zxp-sign-cmd-2.0.0.tgz",
      "integrity": "sha512-BzWNvp6kSL4RFmxWp8MkVtJ4NIuRq1238W0ojHWLgeAqWMaptFdY8Nh2Uguf7Fka8KyIinrf0+tTgCeGlWPMoA==",
      "dev": true,
      "license": "MIT",
      "dependencies": {
        "zxp-provider": "^2.0.0"
      },
      "engines": {
        "node": ">=12.0.0",
        "npm": ">=6.0.0"
      }
    }
  }
}
